{
  "version": 4,
  "terraform_version": "1.1.7",
  "serial": 68,
  "lineage": "128343dc-c39a-ccaf-1bb1-1561cdd8afa5",
  "outputs": {},
  "resources": [
    {
      "module": "module.social_integration__linkedin",
      "mode": "data",
      "type": "archive_file",
      "name": "wordpress_social_linkedin",
      "provider": "provider[\"registry.terraform.io/hashicorp/archive\"]",
      "instances": [
        {
          "schema_version": 0,
          "attributes": {
            "excludes": null,
            "id": "5127bf2e4fd7073f7dddcfd7bab652e59c61939e",
            "output_base64sha256": "v9Y1HOOia4gayeonKherSmF13LoQWTEfDACj6/CfCvI=",
            "output_file_mode": null,
            "output_md5": "7652a701cc9b0cf01985c38d0fb0299a",
            "output_path": "../build/aws_lambda/social_integration/linkedin.zip",
            "output_sha": "5127bf2e4fd7073f7dddcfd7bab652e59c61939e",
            "output_size": 7208,
            "source": [],
            "source_content": null,
            "source_content_filename": null,
            "source_dir": "../app/lambda_functions/social_integration/linkedin/",
            "source_file": null,
            "type": "zip"
          },
          "sensitive_attributes": []
        }
      ]
    },
    {
      "module": "module.social_integration__linkedin",
      "mode": "managed",
      "type": "aws_iam_role",
      "name": "wordpress_social_linkedin_role",
      "provider": "provider[\"registry.terraform.io/hashicorp/aws\"]",
      "instances": [
        {
          "schema_version": 0,
          "attributes": {
            "arn": "arn:aws:iam::890277245818:role/wordpress_social_linkedin_role",
            "assume_role_policy": "{\"Version\":\"2012-10-17\",\"Statement\":[{\"Sid\":\"\",\"Effect\":\"Allow\",\"Principal\":{\"Service\":\"lambda.amazonaws.com\"},\"Action\":\"sts:AssumeRole\"}]}",
            "create_date": "2022-03-17T10:12:23Z",
            "description": "",
            "force_detach_policies": false,
            "id": "wordpress_social_linkedin_role",
            "inline_policy": [
              {
                "name": "wordpress_social_linkedin_policy",
                "policy": "{\n    \"Version\": \"2012-10-17\",\n    \"Statement\": [\n      {\n        \"Sid\": \"Stmt1646643387689\",\n        \"Action\": \"*\",\n        \"Effect\": \"Allow\",\n        \"Resource\": \"*\"\n      }\n    ]\n  }"
              }
            ],
            "managed_policy_arns": [],
            "max_session_duration": 3600,
            "name": "wordpress_social_linkedin_role",
            "name_prefix": "",
            "path": "/",
            "permissions_boundary": null,
            "tags": {
              "Application": "wordpress-social",
              "Environment": "production"
            },
            "tags_all": {
              "Application": "wordpress-social",
              "Environment": "production"
            },
            "unique_id": "AROA46SFIWN5KX65QKBVZ"
          },
          "sensitive_attributes": [],
          "private": "bnVsbA=="
        }
      ]
    },
    {
      "module": "module.social_integration__linkedin",
      "mode": "managed",
      "type": "aws_iam_role_policy",
      "name": "wordpress_social_linkedin_policy",
      "provider": "provider[\"registry.terraform.io/hashicorp/aws\"]",
      "instances": [
        {
          "schema_version": 0,
          "attributes": {
            "id": "wordpress_social_linkedin_role:wordpress_social_linkedin_policy",
            "name": "wordpress_social_linkedin_policy",
            "name_prefix": null,
            "policy": "{\n    \"Version\": \"2012-10-17\",\n    \"Statement\": [\n      {\n        \"Sid\": \"Stmt1646643387689\",\n        \"Action\": \"*\",\n        \"Effect\": \"Allow\",\n        \"Resource\": \"*\"\n      }\n    ]\n  }",
            "role": "wordpress_social_linkedin_role"
          },
          "sensitive_attributes": [],
          "private": "bnVsbA==",
          "dependencies": [
            "module.social_integration__linkedin.aws_iam_role.wordpress_social_linkedin_role"
          ]
        }
      ]
    },
    {
      "module": "module.social_integration__linkedin",
      "mode": "managed",
      "type": "aws_lambda_event_source_mapping",
      "name": "example",
      "provider": "provider[\"registry.terraform.io/hashicorp/aws\"]",
      "instances": [
        {
          "schema_version": 0,
          "attributes": {
            "batch_size": 10,
            "bisect_batch_on_function_error": false,
            "destination_config": [],
            "enabled": true,
            "event_source_arn": "arn:aws:sqs:eu-west-1:890277245818:wordpress_social_linkedin_sqs_queue",
            "filter_criteria": [],
            "function_arn": "arn:aws:lambda:eu-west-1:890277245818:function:wordpress_social_linkedin",
            "function_name": "arn:aws:lambda:eu-west-1:890277245818:function:wordpress_social_linkedin",
            "function_response_types": [],
            "id": "ca143b75-7d81-48cf-94dd-508d88b603fa",
            "last_modified": "2022-03-17T10:14:32Z",
            "last_processing_result": "",
            "maximum_batching_window_in_seconds": 0,
            "maximum_record_age_in_seconds": 0,
            "maximum_retry_attempts": 0,
            "parallelization_factor": 0,
            "queues": [],
            "self_managed_event_source": [],
            "source_access_configuration": [],
            "starting_position": "",
            "starting_position_timestamp": "",
            "state": "Enabled",
            "state_transition_reason": "USER_INITIATED",
            "topics": [],
            "tumbling_window_in_seconds": 0,
            "uuid": "ca143b75-7d81-48cf-94dd-508d88b603fa"
          },
          "sensitive_attributes": [],
          "private": "bnVsbA==",
          "dependencies": [
            "module.social_integration__linkedin.aws_iam_role.wordpress_social_linkedin_role",
            "module.social_integration__linkedin.aws_lambda_function.wordpress_social_linkedin",
            "module.social_integration__linkedin.aws_lambda_layer_version.wordpress_social_lambda_layer",
            "module.social_integration__linkedin.aws_sqs_queue.wordpress_social_linkedin_sqs_queue",
            "module.social_integration__linkedin.data.archive_file.wordpress_social_linkedin"
          ]
        }
      ]
    },
    {
      "module": "module.social_integration__linkedin",
      "mode": "managed",
      "type": "aws_lambda_function",
      "name": "wordpress_social_linkedin",
      "provider": "provider[\"registry.terraform.io/hashicorp/aws\"]",
      "instances": [
        {
          "schema_version": 0,
          "attributes": {
            "architectures": [
              "x86_64"
            ],
            "arn": "arn:aws:lambda:eu-west-1:890277245818:function:wordpress_social_linkedin",
            "code_signing_config_arn": "",
            "dead_letter_config": [],
            "description": "",
            "environment": [
              {
                "variables": {
                  "WORDPRESS_SOCIAL_LOG_LEVEL": "INFO"
                }
              }
            ],
            "file_system_config": [],
            "filename": "../build/aws_lambda/social_integration/linkedin.zip",
            "function_name": "wordpress_social_linkedin",
            "handler": "app.main",
            "id": "wordpress_social_linkedin",
            "image_config": [],
            "image_uri": "",
            "invoke_arn": "arn:aws:apigateway:eu-west-1:lambda:path/2015-03-31/functions/arn:aws:lambda:eu-west-1:890277245818:function:wordpress_social_linkedin/invocations",
            "kms_key_arn": "",
            "last_modified": "2022-03-17T12:59:05.000+0000",
            "layers": [
              "arn:aws:lambda:eu-west-1:890277245818:layer:wordpress_social_lambda_layer:7"
            ],
            "memory_size": 128,
            "package_type": "Zip",
            "publish": false,
            "qualified_arn": "arn:aws:lambda:eu-west-1:890277245818:function:wordpress_social_linkedin:$LATEST",
            "reserved_concurrent_executions": -1,
            "role": "arn:aws:iam::890277245818:role/wordpress_social_linkedin_role",
            "runtime": "python3.9",
            "s3_bucket": null,
            "s3_key": null,
            "s3_object_version": null,
            "signing_job_arn": "",
            "signing_profile_version_arn": "",
            "source_code_hash": "v9Y1HOOia4gayeonKherSmF13LoQWTEfDACj6/CfCvI=",
            "source_code_size": 7208,
            "tags": {
              "Application": "wordpress-social",
              "Environment": "production"
            },
            "tags_all": {
              "Application": "wordpress-social",
              "Environment": "production"
            },
            "timeout": 90,
            "timeouts": null,
            "tracing_config": [
              {
                "mode": "PassThrough"
              }
            ],
            "version": "$LATEST",
            "vpc_config": []
          },
          "sensitive_attributes": [],
          "private": "eyJlMmJmYjczMC1lY2FhLTExZTYtOGY4OC0zNDM2M2JjN2M0YzAiOnsiY3JlYXRlIjo2MDAwMDAwMDAwMDB9fQ==",
          "dependencies": [
            "module.social_integration__linkedin.aws_iam_role.wordpress_social_linkedin_role",
            "module.social_integration__linkedin.aws_lambda_layer_version.wordpress_social_lambda_layer",
            "module.social_integration__linkedin.data.archive_file.wordpress_social_linkedin"
          ]
        }
      ]
    },
    {
      "module": "module.social_integration__linkedin",
      "mode": "managed",
      "type": "aws_lambda_layer_version",
      "name": "wordpress_social_lambda_layer",
      "provider": "provider[\"registry.terraform.io/hashicorp/aws\"]",
      "instances": [
        {
          "schema_version": 0,
          "attributes": {
            "arn": "arn:aws:lambda:eu-west-1:890277245818:layer:wordpress_social_lambda_layer:7",
            "compatible_architectures": null,
            "compatible_runtimes": [
              "python3.6",
              "python3.7",
              "python3.8",
              "python3.9"
            ],
            "created_date": "2022-03-17T12:58:51.996+0000",
            "description": "",
            "filename": "../app/lambda_layers/packages/python.zip",
            "id": "arn:aws:lambda:eu-west-1:890277245818:layer:wordpress_social_lambda_layer:7",
            "layer_arn": "arn:aws:lambda:eu-west-1:890277245818:layer:wordpress_social_lambda_layer",
            "layer_name": "wordpress_social_lambda_layer",
            "license_info": "",
            "s3_bucket": null,
            "s3_key": null,
            "s3_object_version": null,
            "signing_job_arn": "",
            "signing_profile_version_arn": "",
            "skip_destroy": false,
            "source_code_hash": "blOyLnSE24Fe7Yo+3VSi31Mjt40vKZavNskYnEeZaM4=",
            "source_code_size": 800545,
            "version": "7"
          },
          "sensitive_attributes": [],
          "private": "bnVsbA=="
        }
      ]
    },
    {
      "module": "module.social_integration__linkedin",
      "mode": "managed",
      "type": "aws_sqs_queue",
      "name": "wordpress_social_linkedin_sqs_queue",
      "provider": "provider[\"registry.terraform.io/hashicorp/aws\"]",
      "instances": [
        {
          "schema_version": 0,
          "attributes": {
            "arn": "arn:aws:sqs:eu-west-1:890277245818:wordpress_social_linkedin_sqs_queue",
            "content_based_deduplication": false,
            "deduplication_scope": "",
            "delay_seconds": 2,
            "fifo_queue": false,
            "fifo_throughput_limit": "",
            "id": "https://sqs.eu-west-1.amazonaws.com/890277245818/wordpress_social_linkedin_sqs_queue",
            "kms_data_key_reuse_period_seconds": 300,
            "kms_master_key_id": "",
            "max_message_size": 2048,
            "message_retention_seconds": 60,
            "name": "wordpress_social_linkedin_sqs_queue",
            "name_prefix": "",
            "policy": "",
            "receive_wait_time_seconds": 2,
            "redrive_allow_policy": "",
            "redrive_policy": "",
            "sqs_managed_sse_enabled": false,
            "tags": {
              "Application": "wordpress-social",
              "Environment": "production"
            },
            "tags_all": {
              "Application": "wordpress-social",
              "Environment": "production"
            },
            "url": "https://sqs.eu-west-1.amazonaws.com/890277245818/wordpress_social_linkedin_sqs_queue",
            "visibility_timeout_seconds": 90
          },
          "sensitive_attributes": [],
          "private": "bnVsbA=="
        }
      ]
    }
  ]
}
